PODS:
  - AFNetworking (3.2.1):
    - AFNetworking/NSURLSession (= 3.2.1)
    - AFNetworking/Reachability (= 3.2.1)
    - AFNetworking/Security (= 3.2.1)
    - AFNetworking/Serialization (= 3.2.1)
    - AFNetworking/UIKit (= 3.2.1)
  - AFNetworking/NSURLSession (3.2.1):
    - AFNetworking/Reachability
    - AFNetworking/Security
    - AFNetworking/Serialization
  - AFNetworking/Reachability (3.2.1)
  - AFNetworking/Security (3.2.1)
  - AFNetworking/Serialization (3.2.1)
  - AFNetworking/UIKit (3.2.1):
    - AFNetworking/NSURLSession
  - APIsKit (3):
    - cheungKit
  - cheungKit (8):
    - AFNetworking (~> 3)

DEPENDENCIES:
  - APIsKit (from `../`)
  - cheungKit (from `../../cheungKit`)

SPEC REPOS:
  trunk:
    - AFNetworking

EXTERNAL SOURCES:
  APIsKit:
    :path: "../"
  cheungKit:
    :path: "../../cheungKit"

SPEC CHECKSUMS:
  AFNetworking: b6f891fdfaed196b46c7a83cf209e09697b94057
  APIsKit: 1609ad91a200f622038675065a6feeaf4e0fc5bd
  cheungKit: 844f541775caf4fb1fcd291eaa982578b23426b5

PODFILE CHECKSUM: 5301d1161358611ab9f8379e6abba29865162b75

COCOAPODS: 1.11.2
