PODS:
  - AFNetworking (3.2.1):
    - AFNetworking/NSURLSession (= 3.2.1)
    - AFNetworking/Reachability (= 3.2.1)
    - AFNetworking/Security (= 3.2.1)
    - AFNetworking/Serialization (= 3.2.1)
    - AFNetworking/UIKit (= 3.2.1)
  - AFNetworking/NSURLSession (3.2.1):
    - AFNetworking/Reachability
    - AFNetworking/Security
    - AFNetworking/Serialization
  - AFNetworking/Reachability (3.2.1)
  - AFNetworking/Security (3.2.1)
  - AFNetworking/Serialization (3.2.1)
  - AFNetworking/UIKit (3.2.1):
    - AFNetworking/NSURLSession
  - APIsKit (10):
    - cheungKit
  - cheungKit (9):
    - AFNetworking (~> 3)

DEPENDENCIES:
  - APIsKit (from `../`)
  - cheungKit

SPEC REPOS:
  https://github.com/saxiang/FSSpecs.git:
    - cheungKit
  https://mirrors.tuna.tsinghua.edu.cn/git/CocoaPods/Specs.git:
    - AFNetworking

EXTERNAL SOURCES:
  APIsKit:
    :path: "../"

SPEC CHECKSUMS:
  AFNetworking: b6f891fdfaed196b46c7a83cf209e09697b94057
  APIsKit: dfb286d992a6441db35d7f9b9dd7724cf58ed96b
  cheungKit: d86adc919e52f897586ab9cc094dd7ce0fe7a446

PODFILE CHECKSUM: 2afc6afdc2f2d13ea5460f09756c06a2b6789223

COCOAPODS: 1.11.2
